
Microsoft Visual Studio Solution File, Format Version 12.00
# Visual Studio 15
VisualStudioVersion = 15.0.28010.2048
MinimumVisualStudioVersion = 10.0.40219.1
Project("{FAE04EC0-301F-11D3-BF4B-00C04F79EFBC}") = "AlgorithmsDataStructures2", "AlgorithmsDataStructures2\AlgorithmsDataStructures2.csproj", "{899F6C05-7CF9-44D9-BB55-77BF0EDBD250}"
EndProject
Project("{FAE04EC0-301F-11D3-BF4B-00C04F79EFBC}") = "AlgoTest_1", "AlgoTest_1\AlgoTest_1.csproj", "{CE41CE40-7DD6-4459-9C36-2A15AD94C68A}"
EndProject
Global
	GlobalSection(SolutionConfigurationPlatforms) = preSolution
		Debug|Any CPU = Debug|Any CPU
		Release|Any CPU = Release|Any CPU
	EndGlobalSection
	GlobalSection(ProjectConfigurationPlatforms) = postSolution
		{899F6C05-7CF9-44D9-BB55-77BF0EDBD250}.Debug|Any CPU.ActiveCfg = Debug|Any CPU
		{899F6C05-7CF9-44D9-BB55-77BF0EDBD250}.Debug|Any CPU.Build.0 = Debug|Any CPU
		{899F6C05-7CF9-44D9-BB55-77BF0EDBD250}.Release|Any CPU.ActiveCfg = Release|Any CPU
		{899F6C05-7CF9-44D9-BB55-77BF0EDBD250}.Release|Any CPU.Build.0 = Release|Any CPU
		{CE41CE40-7DD6-4459-9C36-2A15AD94C68A}.Debug|Any CPU.ActiveCfg = Debug|Any CPU
		{CE41CE40-7DD6-4459-9C36-2A15AD94C68A}.Debug|Any CPU.Build.0 = Debug|Any CPU
		{CE41CE40-7DD6-4459-9C36-2A15AD94C68A}.Release|Any CPU.ActiveCfg = Release|Any CPU
		{CE41CE40-7DD6-4459-9C36-2A15AD94C68A}.Release|Any CPU.Build.0 = Release|Any CPU
	EndGlobalSection
	GlobalSection(SolutionProperties) = preSolution
		HideSolutionNode = FALSE
	EndGlobalSection
	GlobalSection(ExtensibilityGlobals) = postSolution
		SolutionGuid = {036B7367-6BF1-4207-9DFD-F00CE7BE7ED5}
	EndGlobalSection
EndGlobal
